
Microsoft Visual Studio Solution File, Format Version 12.00
# Visual Studio Version 16
VisualStudioVersion = 16.0.30309.148
MinimumVisualStudioVersion = 10.0.40219.1
Project("{FAE04EC0-301F-11D3-BF4B-00C04F79EFBC}") = "PdfViewerSyncfusionWpf", "PdfViewerSyncfusionWpf\PdfViewerSyncfusionWpf.csproj", "{501072F6-7D40-4BD5-A7BD-C201DBA691ED}"
EndProject
Global
	GlobalSection(SolutionConfigurationPlatforms) = preSolution
		Debug|Any CPU = Debug|Any CPU
		Release|Any CPU = Release|Any CPU
	EndGlobalSection
	GlobalSection(ProjectConfigurationPlatforms) = postSolution
		{501072F6-7D40-4BD5-A7BD-C201DBA691ED}.Debug|Any CPU.ActiveCfg = Debug|Any CPU
		{501072F6-7D40-4BD5-A7BD-C201DBA691ED}.Debug|Any CPU.Build.0 = Debug|Any CPU
		{501072F6-7D40-4BD5-A7BD-C201DBA691ED}.Release|Any CPU.ActiveCfg = Release|Any CPU
		{501072F6-7D40-4BD5-A7BD-C201DBA691ED}.Release|Any CPU.Build.0 = Release|Any CPU
	EndGlobalSection
	GlobalSection(SolutionProperties) = preSolution
		HideSolutionNode = FALSE
	EndGlobalSection
	GlobalSection(ExtensibilityGlobals) = postSolution
		SolutionGuid = {38B2E259-F8BA-47D1-9216-D1CFF0289B06}
	EndGlobalSection
EndGlobal
